// !$*UTF8*$!
{
	archiveVersion = 1;
	classes = {
	};
	objectVersion = 63;
	objects = {

/* Begin PBXBuildFile section */
		0ECD32C5DCF967449C779491 /* GRDB in Frameworks */ = {isa = PBXBuildFile; productRef = 59D38955B8167D60F3D8CB7B /* GRDB */; };
		208754F0059C022DF66CC27E /* TestDatabaseManager.swift in Sources */ = {isa = PBXBuildFile; fileRef = 404BC1FFBB1AA414EC6E4269 /* TestDatabaseManager.swift */; };
		2C9485E99E5B7ED9FE584A7D /* GRDB in Frameworks */ = {isa = PBXBuildFile; productRef = 3E44E6C619DD5A76BBC43FA2 /* GRDB */; };
		6ED6A94226CE9D5C6E31A168 /* StorageE2ETests.swift in Sources */ = {isa = PBXBuildFile; fileRef = D0CAC52055E68F78743EC87B /* StorageE2ETests.swift */; };
		72A32429BE5ECD99098732BC /* TestStorageManager.swift in Sources */ = {isa = PBXBuildFile; fileRef = F238F2FDA4CF0705E55853D3 /* TestStorageManager.swift */; };
		7AAFE8AD89EC5AD96E0BF263 /* KeychainAccess in Frameworks */ = {isa = PBXBuildFile; productRef = C0DD075569E06E7D1AC0DF9F /* KeychainAccess */; };
		83A6B2F239EC69A55BC47F56 /* ImageGenerator.swift in Sources */ = {isa = PBXBuildFile; fileRef = C76A995BE9A698C42AED294E /* ImageGenerator.swift */; };
		8A3E1049932F46555409BE72 /* OCRE2ETests.swift in Sources */ = {isa = PBXBuildFile; fileRef = 5CBB3226CC8E3A62436B33A9 /* OCRE2ETests.swift */; };
		A018E78409481A92CB42E2C6 /* FullPipelineE2ETests.swift in Sources */ = {isa = PBXBuildFile; fileRef = 1F77AC4CFBE3EAF5F0BECA59 /* FullPipelineE2ETests.swift */; };
		A0A82B0B36C96A685B87342D /* MockScreenCaptureDelegate.swift in Sources */ = {isa = PBXBuildFile; fileRef = 160B399F5D9DAEFE160B76D6 /* MockScreenCaptureDelegate.swift */; };
		B0A24F53C7724CEBC5DFEEF1 /* DatabaseE2ETests.swift in Sources */ = {isa = PBXBuildFile; fileRef = 759107BEAFA8D3BC693F89A5 /* DatabaseE2ETests.swift */; };
		B64FC9AF461A965149AD8670 /* MockDisplayManager.swift in Sources */ = {isa = PBXBuildFile; fileRef = 66B3FFAADDA719757EC6F2D1 /* MockDisplayManager.swift */; };
		B73F9CE9A951B39DB7811021 /* ThumbnailCacheE2ETests.swift in Sources */ = {isa = PBXBuildFile; fileRef = A8BFD55015330C644C8070DB /* ThumbnailCacheE2ETests.swift */; };
		CFA213BB610DC50DE2A17E05 /* HashTrackerTests.swift in Sources */ = {isa = PBXBuildFile; fileRef = 337D98DA96F0B5985F796623 /* HashTrackerTests.swift */; };
		DB10401C6E505C5304129286 /* DisplayManagerTests.swift in Sources */ = {isa = PBXBuildFile; fileRef = 96B4AB2382429ED2B525F39D /* DisplayManagerTests.swift */; };
		DD9AAEE792339C59B4BD4B3B /* CaptureToStorageTests.swift in Sources */ = {isa = PBXBuildFile; fileRef = C16A44D9872A2907C6DED7EF /* CaptureToStorageTests.swift */; };
		E8405AD12F1AB0A300BA9CFE /* NotionExportPreviewView.swift in Sources */ = {isa = PBXBuildFile; fileRef = E8405ACF2F1AB0A300BA9CFE /* NotionExportPreviewView.swift */; };
		E8405AD22F1AB0A300BA9CFE /* SummaryListView.swift in Sources */ = {isa = PBXBuildFile; fileRef = E8405AD02F1AB0A300BA9CFE /* SummaryListView.swift */; };
		E84DDD872F19AB3400D22D09 /* WhisperKit in Frameworks */ = {isa = PBXBuildFile; productRef = E84DDD862F19AB3400D22D09 /* WhisperKit */; };
		E84DDD892F19AB3400D22D09 /* whisperkit-cli in Frameworks */ = {isa = PBXBuildFile; productRef = E84DDD882F19AB3400D22D09 /* whisperkit-cli */; };
		E86403FA2F1A7E8800C1584C /* ExportManager.swift in Sources */ = {isa = PBXBuildFile; fileRef = E86403D02F1A7E8800C1584C /* ExportManager.swift */; };
		E86403FB2F1A7E8800C1584C /* ScraineeApp.swift in Sources */ = {isa = PBXBuildFile; fileRef = E86403A52F1A7E8800C1584C /* ScraineeApp.swift */; };
		E86403FC2F1A7E8800C1584C /* ClaudeAPIClient.swift in Sources */ = {isa = PBXBuildFile; fileRef = E86403A72F1A7E8800C1584C /* ClaudeAPIClient.swift */; };
		E86403FD2F1A7E8800C1584C /* ScreenshotGalleryView.swift in Sources */ = {isa = PBXBuildFile; fileRef = E86403DD2F1A7E8800C1584C /* ScreenshotGalleryView.swift */; };
		E86403FE2F1A7E8800C1584C /* MeetingMinutesView.swift in Sources */ = {isa = PBXBuildFile; fileRef = E86403DF2F1A7E8800C1584C /* MeetingMinutesView.swift */; };
		E86403FF2F1A7E8800C1584C /* MeetingMinutes.swift in Sources */ = {isa = PBXBuildFile; fileRef = E86403B32F1A7E8800C1584C /* MeetingMinutes.swift */; };
		E86404002F1A7E8800C1584C /* ActivitySegment.swift in Sources */ = {isa = PBXBuildFile; fileRef = E86403B12F1A7E8800C1584C /* ActivitySegment.swift */; };
		E86404012F1A7E8800C1584C /* WhisperTranscriptionService.swift in Sources */ = {isa = PBXBuildFile; fileRef = E86403AC2F1A7E8800C1584C /* WhisperTranscriptionService.swift */; };
		E86404022F1A7E8800C1584C /* TimelineView.swift in Sources */ = {isa = PBXBuildFile; fileRef = E86403F02F1A7E8800C1584C /* TimelineView.swift */; };
		E86404032F1A7E8800C1584C /* HotkeyManager.swift in Sources */ = {isa = PBXBuildFile; fileRef = E86403D22F1A7E8800C1584C /* HotkeyManager.swift */; };
		E86404042F1A7E8800C1584C /* AdminDashboardView.swift in Sources */ = {isa = PBXBuildFile; fileRef = E86403D72F1A7E8800C1584C /* AdminDashboardView.swift */; };
		E86404052F1A7E8800C1584C /* StorageManager.swift in Sources */ = {isa = PBXBuildFile; fileRef = E86403CA2F1A7E8800C1584C /* StorageManager.swift */; };
		E86404062F1A7E8800C1584C /* SettingsView.swift in Sources */ = {isa = PBXBuildFile; fileRef = E86403E92F1A7E8800C1584C /* SettingsView.swift */; };
		E86404072F1A7E8800C1584C /* TimelineSliderView.swift in Sources */ = {isa = PBXBuildFile; fileRef = E86403EE2F1A7E8800C1584C /* TimelineSliderView.swift */; };
		E86404082F1A7E8800C1584C /* MeetingDetector.swift in Sources */ = {isa = PBXBuildFile; fileRef = E86403BE2F1A7E8800C1584C /* MeetingDetector.swift */; };
		E86404092F1A7E8800C1584C /* SearchView.swift in Sources */ = {isa = PBXBuildFile; fileRef = E86403E62F1A7E8800C1584C /* SearchView.swift */; };
		E864040A2F1A7E8800C1584C /* SettingsValidator.swift in Sources */ = {isa = PBXBuildFile; fileRef = E86403D52F1A7E8800C1584C /* SettingsValidator.swift */; };
		E864040B2F1A7E8800C1584C /* TimelineThumbnailStrip.swift in Sources */ = {isa = PBXBuildFile; fileRef = E86403EF2F1A7E8800C1584C /* TimelineThumbnailStrip.swift */; };
		E864040C2F1A7E8800C1584C /* Meeting.swift in Sources */ = {isa = PBXBuildFile; fileRef = E86403B22F1A7E8800C1584C /* Meeting.swift */; };
		E864040D2F1A7E8800C1584C /* MenuBarView.swift in Sources */ = {isa = PBXBuildFile; fileRef = E86403E22F1A7E8800C1584C /* MenuBarView.swift */; };
		E864040E2F1A7E8800C1584C /* Summary.swift in Sources */ = {isa = PBXBuildFile; fileRef = E86403B72F1A7E8800C1584C /* Summary.swift */; };
		E864040F2F1A7E8800C1584C /* MeetingMinutesGenerator.swift in Sources */ = {isa = PBXBuildFile; fileRef = E86403A82F1A7E8800C1584C /* MeetingMinutesGenerator.swift */; };
		E86404102F1A7E8800C1584C /* DateUtils.swift in Sources */ = {isa = PBXBuildFile; fileRef = E86403F42F1A7E8800C1584C /* DateUtils.swift */; };
		E86404112F1A7E8800C1584C /* ScreenshotDiffer.swift in Sources */ = {isa = PBXBuildFile; fileRef = E86403C62F1A7E8800C1584C /* ScreenshotDiffer.swift */; };
		E86404122F1A7E8800C1584C /* AdminViewModel.swift in Sources */ = {isa = PBXBuildFile; fileRef = E86403D82F1A7E8800C1584C /* AdminViewModel.swift */; };
		E86404132F1A7E8800C1584C /* RetentionPolicy.swift in Sources */ = {isa = PBXBuildFile; fileRef = E86403C92F1A7E8800C1584C /* RetentionPolicy.swift */; };
		E86404142F1A7E8800C1584C /* ImageCompressor.swift in Sources */ = {isa = PBXBuildFile; fileRef = E86403C82F1A7E8800C1584C /* ImageCompressor.swift */; };
		E86404152F1A7E8800C1584C /* OCRManager.swift in Sources */ = {isa = PBXBuildFile; fileRef = E86403C12F1A7E8800C1584C /* OCRManager.swift */; };
		E86404162F1A7E8800C1584C /* SearchViewModel.swift in Sources */ = {isa = PBXBuildFile; fileRef = E86403E72F1A7E8800C1584C /* SearchViewModel.swift */; };
		E86404172F1A7E8800C1584C /* ScreenCaptureManager.swift in Sources */ = {isa = PBXBuildFile; fileRef = E86403C52F1A7E8800C1584C /* ScreenCaptureManager.swift */; };
		E86404182F1A7E8800C1584C /* TimelineViewModel.swift in Sources */ = {isa = PBXBuildFile; fileRef = E86403F12F1A7E8800C1584C /* TimelineViewModel.swift */; };
		E86404192F1A7E8800C1584C /* AppState.swift in Sources */ = {isa = PBXBuildFile; fileRef = E86403A42F1A7E8800C1584C /* AppState.swift */; };
		E864041A2F1A7E8800C1584C /* FileLogger.swift in Sources */ = {isa = PBXBuildFile; fileRef = E86403D12F1A7E8800C1584C /* FileLogger.swift */; };
		E864041B2F1A7E8800C1584C /* SummaryRequestView.swift in Sources */ = {isa = PBXBuildFile; fileRef = E86403EC2F1A7E8800C1584C /* SummaryRequestView.swift */; };
		E864041C2F1A7E8800C1584C /* SummaryGenerator.swift in Sources */ = {isa = PBXBuildFile; fileRef = E86403A92F1A7E8800C1584C /* SummaryGenerator.swift */; };
		E864041D2F1A7E8800C1584C /* DatabaseManager.swift in Sources */ = {isa = PBXBuildFile; fileRef = E86403BA2F1A7E8800C1584C /* DatabaseManager.swift */; };
		E864041E2F1A7E8800C1584C /* KeychainService.swift in Sources */ = {isa = PBXBuildFile; fileRef = E86403D32F1A7E8800C1584C /* KeychainService.swift */; };
		E864041F2F1A7E8800C1584C /* SearchResult.swift in Sources */ = {isa = PBXBuildFile; fileRef = E86403B62F1A7E8800C1584C /* SearchResult.swift */; };
		E86404202F1A7E8800C1584C /* AudioCaptureManager.swift in Sources */ = {isa = PBXBuildFile; fileRef = E86403AB2F1A7E8800C1584C /* AudioCaptureManager.swift */; };
		E86404212F1A7E8800C1584C /* MeetingMinutesViewModel.swift in Sources */ = {isa = PBXBuildFile; fileRef = E86403E02F1A7E8800C1584C /* MeetingMinutesViewModel.swift */; };
		E86404222F1A7E8800C1584C /* NotionClient.swift in Sources */ = {isa = PBXBuildFile; fileRef = E86403BC2F1A7E8800C1584C /* NotionClient.swift */; };
		E86404232F1A7E8800C1584C /* ThumbnailCache.swift in Sources */ = {isa = PBXBuildFile; fileRef = E86403AE2F1A7E8800C1584C /* ThumbnailCache.swift */; };
		E86404242F1A7E8800C1584C /* DisplayManager.swift in Sources */ = {isa = PBXBuildFile; fileRef = E86403C42F1A7E8800C1584C /* DisplayManager.swift */; };
		E86404252F1A7E8800C1584C /* ActionItem.swift in Sources */ = {isa = PBXBuildFile; fileRef = E86403B02F1A7E8800C1584C /* ActionItem.swift */; };
		E86404262F1A7E8800C1584C /* ErrorManager.swift in Sources */ = {isa = PBXBuildFile; fileRef = E86403CF2F1A7E8800C1584C /* ErrorManager.swift */; };
		E86404272F1A7E8800C1584C /* ContextOverlayView.swift in Sources */ = {isa = PBXBuildFile; fileRef = E86403DA2F1A7E8800C1584C /* ContextOverlayView.swift */; };
		E86404282F1A7E8800C1584C /* PermissionManager.swift in Sources */ = {isa = PBXBuildFile; fileRef = E86403D42F1A7E8800C1584C /* PermissionManager.swift */; };
		E86404292F1A7E8800C1584C /* Logger.swift in Sources */ = {isa = PBXBuildFile; fileRef = E86403F52F1A7E8800C1584C /* Logger.swift */; };
		E864042A2F1A7E8800C1584C /* AdaptiveCaptureManager.swift in Sources */ = {isa = PBXBuildFile; fileRef = E86403C32F1A7E8800C1584C /* AdaptiveCaptureManager.swift */; };
		E864042B2F1A7E8800C1584C /* MeetingTranscriptionCoordinator.swift in Sources */ = {isa = PBXBuildFile; fileRef = E86403BF2F1A7E8800C1584C /* MeetingTranscriptionCoordinator.swift */; };
		E864042C2F1A7E8800C1584C /* QuickAskView.swift in Sources */ = {isa = PBXBuildFile; fileRef = E86403E42F1A7E8800C1584C /* QuickAskView.swift */; };
		E864042D2F1A7E8800C1584C /* OCRResult.swift in Sources */ = {isa = PBXBuildFile; fileRef = E86403B42F1A7E8800C1584C /* OCRResult.swift */; };
		E864042E2F1A7E8800C1584C /* TranscriptSegment.swift in Sources */ = {isa = PBXBuildFile; fileRef = E86403B82F1A7E8800C1584C /* TranscriptSegment.swift */; };
		E864042F2F1A7E8800C1584C /* GalleryViewModel.swift in Sources */ = {isa = PBXBuildFile; fileRef = E86403DC2F1A7E8800C1584C /* GalleryViewModel.swift */; };
		E86404302F1A7E8800C1584C /* Screenshot.swift in Sources */ = {isa = PBXBuildFile; fileRef = E86403B52F1A7E8800C1584C /* Screenshot.swift */; };
/* End PBXBuildFile section */

/* Begin PBXContainerItemProxy section */
		0BD721703C2B85A346BDEE17 /* PBXContainerItemProxy */ = {
			isa = PBXContainerItemProxy;
			containerPortal = 973123FF9704AA71CC0E54B9 /* Project object */;
			proxyType = 1;
			remoteGlobalIDString = 031701BCB3EE4D7B05B47181;
			remoteInfo = Scrainee;
		};
/* End PBXContainerItemProxy section */

/* Begin PBXFileReference section */
		045A0DC19771D31831A1D78E /* Scrainee.app */ = {isa = PBXFileReference; explicitFileType = wrapper.application; includeInIndex = 0; path = Scrainee.app; sourceTree = BUILT_PRODUCTS_DIR; };
		160B399F5D9DAEFE160B76D6 /* MockScreenCaptureDelegate.swift */ = {isa = PBXFileReference; lastKnownFileType = sourcecode.swift; path = MockScreenCaptureDelegate.swift; sourceTree = "<group>"; };
		1F77AC4CFBE3EAF5F0BECA59 /* FullPipelineE2ETests.swift */ = {isa = PBXFileReference; lastKnownFileType = sourcecode.swift; path = FullPipelineE2ETests.swift; sourceTree = "<group>"; };
		337D98DA96F0B5985F796623 /* HashTrackerTests.swift */ = {isa = PBXFileReference; lastKnownFileType = sourcecode.swift; path = HashTrackerTests.swift; sourceTree = "<group>"; };
		404BC1FFBB1AA414EC6E4269 /* TestDatabaseManager.swift */ = {isa = PBXFileReference; lastKnownFileType = sourcecode.swift; path = TestDatabaseManager.swift; sourceTree = "<group>"; };
		5CBB3226CC8E3A62436B33A9 /* OCRE2ETests.swift */ = {isa = PBXFileReference; lastKnownFileType = sourcecode.swift; path = OCRE2ETests.swift; sourceTree = "<group>"; };
		66B3FFAADDA719757EC6F2D1 /* MockDisplayManager.swift */ = {isa = PBXFileReference; lastKnownFileType = sourcecode.swift; path = MockDisplayManager.swift; sourceTree = "<group>"; };
		759107BEAFA8D3BC693F89A5 /* DatabaseE2ETests.swift */ = {isa = PBXFileReference; lastKnownFileType = sourcecode.swift; path = DatabaseE2ETests.swift; sourceTree = "<group>"; };
		96B4AB2382429ED2B525F39D /* DisplayManagerTests.swift */ = {isa = PBXFileReference; lastKnownFileType = sourcecode.swift; path = DisplayManagerTests.swift; sourceTree = "<group>"; };
		A8BFD55015330C644C8070DB /* ThumbnailCacheE2ETests.swift */ = {isa = PBXFileReference; lastKnownFileType = sourcecode.swift; path = ThumbnailCacheE2ETests.swift; sourceTree = "<group>"; };
		C16A44D9872A2907C6DED7EF /* CaptureToStorageTests.swift */ = {isa = PBXFileReference; lastKnownFileType = sourcecode.swift; path = CaptureToStorageTests.swift; sourceTree = "<group>"; };
		C76A995BE9A698C42AED294E /* ImageGenerator.swift */ = {isa = PBXFileReference; lastKnownFileType = sourcecode.swift; path = ImageGenerator.swift; sourceTree = "<group>"; };
		D0CAC52055E68F78743EC87B /* StorageE2ETests.swift */ = {isa = PBXFileReference; lastKnownFileType = sourcecode.swift; path = StorageE2ETests.swift; sourceTree = "<group>"; };
		E8405ACF2F1AB0A300BA9CFE /* NotionExportPreviewView.swift */ = {isa = PBXFileReference; lastKnownFileType = sourcecode.swift; path = NotionExportPreviewView.swift; sourceTree = "<group>"; };
		E8405AD02F1AB0A300BA9CFE /* SummaryListView.swift */ = {isa = PBXFileReference; lastKnownFileType = sourcecode.swift; path = SummaryListView.swift; sourceTree = "<group>"; };
		E86403A42F1A7E8800C1584C /* AppState.swift */ = {isa = PBXFileReference; lastKnownFileType = sourcecode.swift; path = AppState.swift; sourceTree = "<group>"; };
		E86403A52F1A7E8800C1584C /* ScraineeApp.swift */ = {isa = PBXFileReference; lastKnownFileType = sourcecode.swift; path = ScraineeApp.swift; sourceTree = "<group>"; };
		E86403A72F1A7E8800C1584C /* ClaudeAPIClient.swift */ = {isa = PBXFileReference; lastKnownFileType = sourcecode.swift; path = ClaudeAPIClient.swift; sourceTree = "<group>"; };
		E86403A82F1A7E8800C1584C /* MeetingMinutesGenerator.swift */ = {isa = PBXFileReference; lastKnownFileType = sourcecode.swift; path = MeetingMinutesGenerator.swift; sourceTree = "<group>"; };
		E86403A92F1A7E8800C1584C /* SummaryGenerator.swift */ = {isa = PBXFileReference; lastKnownFileType = sourcecode.swift; path = SummaryGenerator.swift; sourceTree = "<group>"; };
		E86403AB2F1A7E8800C1584C /* AudioCaptureManager.swift */ = {isa = PBXFileReference; lastKnownFileType = sourcecode.swift; path = AudioCaptureManager.swift; sourceTree = "<group>"; };
		E86403AC2F1A7E8800C1584C /* WhisperTranscriptionService.swift */ = {isa = PBXFileReference; lastKnownFileType = sourcecode.swift; path = WhisperTranscriptionService.swift; sourceTree = "<group>"; };
		E86403AE2F1A7E8800C1584C /* ThumbnailCache.swift */ = {isa = PBXFileReference; lastKnownFileType = sourcecode.swift; path = ThumbnailCache.swift; sourceTree = "<group>"; };
		E86403B02F1A7E8800C1584C /* ActionItem.swift */ = {isa = PBXFileReference; lastKnownFileType = sourcecode.swift; path = ActionItem.swift; sourceTree = "<group>"; };
		E86403B12F1A7E8800C1584C /* ActivitySegment.swift */ = {isa = PBXFileReference; lastKnownFileType = sourcecode.swift; path = ActivitySegment.swift; sourceTree = "<group>"; };
		E86403B22F1A7E8800C1584C /* Meeting.swift */ = {isa = PBXFileReference; lastKnownFileType = sourcecode.swift; path = Meeting.swift; sourceTree = "<group>"; };
		E86403B32F1A7E8800C1584C /* MeetingMinutes.swift */ = {isa = PBXFileReference; lastKnownFileType = sourcecode.swift; path = MeetingMinutes.swift; sourceTree = "<group>"; };
		E86403B42F1A7E8800C1584C /* OCRResult.swift */ = {isa = PBXFileReference; lastKnownFileType = sourcecode.swift; path = OCRResult.swift; sourceTree = "<group>"; };
		E86403B52F1A7E8800C1584C /* Screenshot.swift */ = {isa = PBXFileReference; lastKnownFileType = sourcecode.swift; path = Screenshot.swift; sourceTree = "<group>"; };
		E86403B62F1A7E8800C1584C /* SearchResult.swift */ = {isa = PBXFileReference; lastKnownFileType = sourcecode.swift; path = SearchResult.swift; sourceTree = "<group>"; };
		E86403B72F1A7E8800C1584C /* Summary.swift */ = {isa = PBXFileReference; lastKnownFileType = sourcecode.swift; path = Summary.swift; sourceTree = "<group>"; };
		E86403B82F1A7E8800C1584C /* TranscriptSegment.swift */ = {isa = PBXFileReference; lastKnownFileType = sourcecode.swift; path = TranscriptSegment.swift; sourceTree = "<group>"; };
		E86403BA2F1A7E8800C1584C /* DatabaseManager.swift */ = {isa = PBXFileReference; lastKnownFileType = sourcecode.swift; path = DatabaseManager.swift; sourceTree = "<group>"; };
		E86403BC2F1A7E8800C1584C /* NotionClient.swift */ = {isa = PBXFileReference; lastKnownFileType = sourcecode.swift; path = NotionClient.swift; sourceTree = "<group>"; };
		E86403BE2F1A7E8800C1584C /* MeetingDetector.swift */ = {isa = PBXFileReference; lastKnownFileType = sourcecode.swift; path = MeetingDetector.swift; sourceTree = "<group>"; };
		E86403BF2F1A7E8800C1584C /* MeetingTranscriptionCoordinator.swift */ = {isa = PBXFileReference; lastKnownFileType = sourcecode.swift; path = MeetingTranscriptionCoordinator.swift; sourceTree = "<group>"; };
		E86403C12F1A7E8800C1584C /* OCRManager.swift */ = {isa = PBXFileReference; lastKnownFileType = sourcecode.swift; path = OCRManager.swift; sourceTree = "<group>"; };
		E86403C32F1A7E8800C1584C /* AdaptiveCaptureManager.swift */ = {isa = PBXFileReference; lastKnownFileType = sourcecode.swift; path = AdaptiveCaptureManager.swift; sourceTree = "<group>"; };
		E86403C42F1A7E8800C1584C /* DisplayManager.swift */ = {isa = PBXFileReference; lastKnownFileType = sourcecode.swift; path = DisplayManager.swift; sourceTree = "<group>"; };
		E86403C52F1A7E8800C1584C /* ScreenCaptureManager.swift */ = {isa = PBXFileReference; lastKnownFileType = sourcecode.swift; path = ScreenCaptureManager.swift; sourceTree = "<group>"; };
		E86403C62F1A7E8800C1584C /* ScreenshotDiffer.swift */ = {isa = PBXFileReference; lastKnownFileType = sourcecode.swift; path = ScreenshotDiffer.swift; sourceTree = "<group>"; };
		E86403C82F1A7E8800C1584C /* ImageCompressor.swift */ = {isa = PBXFileReference; lastKnownFileType = sourcecode.swift; path = ImageCompressor.swift; sourceTree = "<group>"; };
		E86403C92F1A7E8800C1584C /* RetentionPolicy.swift */ = {isa = PBXFileReference; lastKnownFileType = sourcecode.swift; path = RetentionPolicy.swift; sourceTree = "<group>"; };
		E86403CA2F1A7E8800C1584C /* StorageManager.swift */ = {isa = PBXFileReference; lastKnownFileType = sourcecode.swift; path = StorageManager.swift; sourceTree = "<group>"; };
		E86403CD2F1A7E8800C1584C /* Assets.xcassets */ = {isa = PBXFileReference; lastKnownFileType = folder.assetcatalog; path = Assets.xcassets; sourceTree = "<group>"; };
		E86403CF2F1A7E8800C1584C /* ErrorManager.swift */ = {isa = PBXFileReference; lastKnownFileType = sourcecode.swift; path = ErrorManager.swift; sourceTree = "<group>"; };
		E86403D02F1A7E8800C1584C /* ExportManager.swift */ = {isa = PBXFileReference; lastKnownFileType = sourcecode.swift; path = ExportManager.swift; sourceTree = "<group>"; };
		E86403D12F1A7E8800C1584C /* FileLogger.swift */ = {isa = PBXFileReference; lastKnownFileType = sourcecode.swift; path = FileLogger.swift; sourceTree = "<group>"; };
		E86403D22F1A7E8800C1584C /* HotkeyManager.swift */ = {isa = PBXFileReference; lastKnownFileType = sourcecode.swift; path = HotkeyManager.swift; sourceTree = "<group>"; };
		E86403D32F1A7E8800C1584C /* KeychainService.swift */ = {isa = PBXFileReference; lastKnownFileType = sourcecode.swift; path = KeychainService.swift; sourceTree = "<group>"; };
		E86403D42F1A7E8800C1584C /* PermissionManager.swift */ = {isa = PBXFileReference; lastKnownFileType = sourcecode.swift; path = PermissionManager.swift; sourceTree = "<group>"; };
		E86403D52F1A7E8800C1584C /* SettingsValidator.swift */ = {isa = PBXFileReference; lastKnownFileType = sourcecode.swift; path = SettingsValidator.swift; sourceTree = "<group>"; };
		E86403D72F1A7E8800C1584C /* AdminDashboardView.swift */ = {isa = PBXFileReference; lastKnownFileType = sourcecode.swift; path = AdminDashboardView.swift; sourceTree = "<group>"; };
		E86403D82F1A7E8800C1584C /* AdminViewModel.swift */ = {isa = PBXFileReference; lastKnownFileType = sourcecode.swift; path = AdminViewModel.swift; sourceTree = "<group>"; };
		E86403DA2F1A7E8800C1584C /* ContextOverlayView.swift */ = {isa = PBXFileReference; lastKnownFileType = sourcecode.swift; path = ContextOverlayView.swift; sourceTree = "<group>"; };
		E86403DC2F1A7E8800C1584C /* GalleryViewModel.swift */ = {isa = PBXFileReference; lastKnownFileType = sourcecode.swift; path = GalleryViewModel.swift; sourceTree = "<group>"; };
		E86403DD2F1A7E8800C1584C /* ScreenshotGalleryView.swift */ = {isa = PBXFileReference; lastKnownFileType = sourcecode.swift; path = ScreenshotGalleryView.swift; sourceTree = "<group>"; };
		E86403DF2F1A7E8800C1584C /* MeetingMinutesView.swift */ = {isa = PBXFileReference; lastKnownFileType = sourcecode.swift; path = MeetingMinutesView.swift; sourceTree = "<group>"; };
		E86403E02F1A7E8800C1584C /* MeetingMinutesViewModel.swift */ = {isa = PBXFileReference; lastKnownFileType = sourcecode.swift; path = MeetingMinutesViewModel.swift; sourceTree = "<group>"; };
		E86403E22F1A7E8800C1584C /* MenuBarView.swift */ = {isa = PBXFileReference; lastKnownFileType = sourcecode.swift; path = MenuBarView.swift; sourceTree = "<group>"; };
		E86403E42F1A7E8800C1584C /* QuickAskView.swift */ = {isa = PBXFileReference; lastKnownFileType = sourcecode.swift; path = QuickAskView.swift; sourceTree = "<group>"; };
		E86403E62F1A7E8800C1584C /* SearchView.swift */ = {isa = PBXFileReference; lastKnownFileType = sourcecode.swift; path = SearchView.swift; sourceTree = "<group>"; };
		E86403E72F1A7E8800C1584C /* SearchViewModel.swift */ = {isa = PBXFileReference; lastKnownFileType = sourcecode.swift; path = SearchViewModel.swift; sourceTree = "<group>"; };
		E86403E92F1A7E8800C1584C /* SettingsView.swift */ = {isa = PBXFileReference; lastKnownFileType = sourcecode.swift; path = SettingsView.swift; sourceTree = "<group>"; };
		E86403EC2F1A7E8800C1584C /* SummaryRequestView.swift */ = {isa = PBXFileReference; lastKnownFileType = sourcecode.swift; path = SummaryRequestView.swift; sourceTree = "<group>"; };
		E86403EE2F1A7E8800C1584C /* TimelineSliderView.swift */ = {isa = PBXFileReference; lastKnownFileType = sourcecode.swift; path = TimelineSliderView.swift; sourceTree = "<group>"; };
		E86403EF2F1A7E8800C1584C /* TimelineThumbnailStrip.swift */ = {isa = PBXFileReference; lastKnownFileType = sourcecode.swift; path = TimelineThumbnailStrip.swift; sourceTree = "<group>"; };
		E86403F02F1A7E8800C1584C /* TimelineView.swift */ = {isa = PBXFileReference; lastKnownFileType = sourcecode.swift; path = TimelineView.swift; sourceTree = "<group>"; };
		E86403F12F1A7E8800C1584C /* TimelineViewModel.swift */ = {isa = PBXFileReference; lastKnownFileType = sourcecode.swift; path = TimelineViewModel.swift; sourceTree = "<group>"; };
		E86403F42F1A7E8800C1584C /* DateUtils.swift */ = {isa = PBXFileReference; lastKnownFileType = sourcecode.swift; path = DateUtils.swift; sourceTree = "<group>"; };
		E86403F52F1A7E8800C1584C /* Logger.swift */ = {isa = PBXFileReference; lastKnownFileType = sourcecode.swift; path = Logger.swift; sourceTree = "<group>"; };
		E86403F72F1A7E8800C1584C /* Info.plist */ = {isa = PBXFileReference; lastKnownFileType = text.plist.xml; path = Info.plist; sourceTree = "<group>"; };
		E86403F82F1A7E8800C1584C /* Scrainee.entitlements */ = {isa = PBXFileReference; lastKnownFileType = text.plist.entitlements; path = Scrainee.entitlements; sourceTree = "<group>"; };
		F238F2FDA4CF0705E55853D3 /* TestStorageManager.swift */ = {isa = PBXFileReference; lastKnownFileType = sourcecode.swift; path = TestStorageManager.swift; sourceTree = "<group>"; };
		FD528546EE00AA578ABAC092 /* ScraineeTests.xctest */ = {isa = PBXFileReference; explicitFileType = wrapper.cfbundle; includeInIndex = 0; path = ScraineeTests.xctest; sourceTree = BUILT_PRODUCTS_DIR; };
/* End PBXFileReference section */

/* Begin PBXFrameworksBuildPhase section */
		62BCFA7B4D8DDB279030990F /* Frameworks */ = {
			isa = PBXFrameworksBuildPhase;
			buildActionMask = 2147483647;
			files = (
				0ECD32C5DCF967449C779491 /* GRDB in Frameworks */,
			);
			runOnlyForDeploymentPostprocessing = 0;
		};
		DA25F17F53028F1D1707D8F3 /* Frameworks */ = {
			isa = PBXFrameworksBuildPhase;
			buildActionMask = 2147483647;
			files = (
				E84DDD872F19AB3400D22D09 /* WhisperKit in Frameworks */,
				E84DDD892F19AB3400D22D09 /* whisperkit-cli in Frameworks */,
				2C9485E99E5B7ED9FE584A7D /* GRDB in Frameworks */,
				7AAFE8AD89EC5AD96E0BF263 /* KeychainAccess in Frameworks */,
			);
			runOnlyForDeploymentPostprocessing = 0;
		};
/* End PBXFrameworksBuildPhase section */

/* Begin PBXGroup section */
		0C5C32C0960F8F6A458514CB /* E2E */ = {
			isa = PBXGroup;
			children = (
				759107BEAFA8D3BC693F89A5 /* DatabaseE2ETests.swift */,
				1F77AC4CFBE3EAF5F0BECA59 /* FullPipelineE2ETests.swift */,
				5CBB3226CC8E3A62436B33A9 /* OCRE2ETests.swift */,
				D0CAC52055E68F78743EC87B /* StorageE2ETests.swift */,
				A8BFD55015330C644C8070DB /* ThumbnailCacheE2ETests.swift */,
			);
			path = E2E;
			sourceTree = "<group>";
		};
		55B1508F8F956AB4483E9B1E = {
			isa = PBXGroup;
			children = (
				E86403F92F1A7E8800C1584C /* Scrainee */,
				EEAC38F0EAD11979DCC9F62E /* ScraineeTests */,
				BD4EDD9968BE7AEBF003F3B2 /* Products */,
			);
			sourceTree = "<group>";
		};
		800A04D7906FAF4B58A4E8F9 /* Integration */ = {
			isa = PBXGroup;
			children = (
				C16A44D9872A2907C6DED7EF /* CaptureToStorageTests.swift */,
			);
			path = Integration;
			sourceTree = "<group>";
		};
		9CA35BE5260CE417768862C3 /* Unit */ = {
			isa = PBXGroup;
			children = (
				96B4AB2382429ED2B525F39D /* DisplayManagerTests.swift */,
				337D98DA96F0B5985F796623 /* HashTrackerTests.swift */,
			);
			path = Unit;
			sourceTree = "<group>";
		};
		BA72726E7F45805B1182BDF7 /* Mocks */ = {
			isa = PBXGroup;
			children = (
				66B3FFAADDA719757EC6F2D1 /* MockDisplayManager.swift */,
				160B399F5D9DAEFE160B76D6 /* MockScreenCaptureDelegate.swift */,
			);
			path = Mocks;
			sourceTree = "<group>";
		};
		BD4EDD9968BE7AEBF003F3B2 /* Products */ = {
			isa = PBXGroup;
			children = (
				045A0DC19771D31831A1D78E /* Scrainee.app */,
				FD528546EE00AA578ABAC092 /* ScraineeTests.xctest */,
			);
			name = Products;
			sourceTree = "<group>";
		};
		D9FDA46BE0FC58351EE07BC3 /* Helpers */ = {
			isa = PBXGroup;
			children = (
				C76A995BE9A698C42AED294E /* ImageGenerator.swift */,
				404BC1FFBB1AA414EC6E4269 /* TestDatabaseManager.swift */,
				F238F2FDA4CF0705E55853D3 /* TestStorageManager.swift */,
			);
			path = Helpers;
			sourceTree = "<group>";
		};
		E86403A62F1A7E8800C1584C /* App */ = {
			isa = PBXGroup;
			children = (
				E86403A42F1A7E8800C1584C /* AppState.swift */,
				E86403A52F1A7E8800C1584C /* ScraineeApp.swift */,
			);
			path = App;
			sourceTree = "<group>";
		};
		E86403AA2F1A7E8800C1584C /* AI */ = {
			isa = PBXGroup;
			children = (
				E86403A72F1A7E8800C1584C /* ClaudeAPIClient.swift */,
				E86403A82F1A7E8800C1584C /* MeetingMinutesGenerator.swift */,
				E86403A92F1A7E8800C1584C /* SummaryGenerator.swift */,
			);
			path = AI;
			sourceTree = "<group>";
		};
		E86403AD2F1A7E8800C1584C /* Audio */ = {
			isa = PBXGroup;
			children = (
				E86403AB2F1A7E8800C1584C /* AudioCaptureManager.swift */,
				E86403AC2F1A7E8800C1584C /* WhisperTranscriptionService.swift */,
			);
			path = Audio;
			sourceTree = "<group>";
		};
		E86403AF2F1A7E8800C1584C /* Cache */ = {
			isa = PBXGroup;
			children = (
				E86403AE2F1A7E8800C1584C /* ThumbnailCache.swift */,
			);
			path = Cache;
			sourceTree = "<group>";
		};
		E86403B92F1A7E8800C1584C /* Models */ = {
			isa = PBXGroup;
			children = (
				E86403B02F1A7E8800C1584C /* ActionItem.swift */,
				E86403B12F1A7E8800C1584C /* ActivitySegment.swift */,
				E86403B22F1A7E8800C1584C /* Meeting.swift */,
				E86403B32F1A7E8800C1584C /* MeetingMinutes.swift */,
				E86403B42F1A7E8800C1584C /* OCRResult.swift */,
				E86403B52F1A7E8800C1584C /* Screenshot.swift */,
				E86403B62F1A7E8800C1584C /* SearchResult.swift */,
				E86403B72F1A7E8800C1584C /* Summary.swift */,
				E86403B82F1A7E8800C1584C /* TranscriptSegment.swift */,
			);
			path = Models;
			sourceTree = "<group>";
		};
		E86403BB2F1A7E8800C1584C /* Database */ = {
			isa = PBXGroup;
			children = (
				E86403B92F1A7E8800C1584C /* Models */,
				E86403BA2F1A7E8800C1584C /* DatabaseManager.swift */,
			);
			path = Database;
			sourceTree = "<group>";
		};
		E86403BD2F1A7E8800C1584C /* Integration */ = {
			isa = PBXGroup;
			children = (
				E86403BC2F1A7E8800C1584C /* NotionClient.swift */,
			);
			path = Integration;
			sourceTree = "<group>";
		};
		E86403C02F1A7E8800C1584C /* Meeting */ = {
			isa = PBXGroup;
			children = (
				E86403BE2F1A7E8800C1584C /* MeetingDetector.swift */,
				E86403BF2F1A7E8800C1584C /* MeetingTranscriptionCoordinator.swift */,
			);
			path = Meeting;
			sourceTree = "<group>";
		};
		E86403C22F1A7E8800C1584C /* OCR */ = {
			isa = PBXGroup;
			children = (
				E86403C12F1A7E8800C1584C /* OCRManager.swift */,
			);
			path = OCR;
			sourceTree = "<group>";
		};
		E86403C72F1A7E8800C1584C /* ScreenCapture */ = {
			isa = PBXGroup;
			children = (
				E86403C32F1A7E8800C1584C /* AdaptiveCaptureManager.swift */,
				E86403C42F1A7E8800C1584C /* DisplayManager.swift */,
				E86403C52F1A7E8800C1584C /* ScreenCaptureManager.swift */,
				E86403C62F1A7E8800C1584C /* ScreenshotDiffer.swift */,
			);
			path = ScreenCapture;
			sourceTree = "<group>";
		};
		E86403CB2F1A7E8800C1584C /* Storage */ = {
			isa = PBXGroup;
			children = (
				E86403C82F1A7E8800C1584C /* ImageCompressor.swift */,
				E86403C92F1A7E8800C1584C /* RetentionPolicy.swift */,
				E86403CA2F1A7E8800C1584C /* StorageManager.swift */,
			);
			path = Storage;
			sourceTree = "<group>";
		};
		E86403CC2F1A7E8800C1584C /* Core */ = {
			isa = PBXGroup;
			children = (
				E86403AA2F1A7E8800C1584C /* AI */,
				E86403AD2F1A7E8800C1584C /* Audio */,
				E86403AF2F1A7E8800C1584C /* Cache */,
				E86403BB2F1A7E8800C1584C /* Database */,
				E86403BD2F1A7E8800C1584C /* Integration */,
				E86403C02F1A7E8800C1584C /* Meeting */,
				E86403C22F1A7E8800C1584C /* OCR */,
				E86403C72F1A7E8800C1584C /* ScreenCapture */,
				E86403CB2F1A7E8800C1584C /* Storage */,
			);
			path = Core;
			sourceTree = "<group>";
		};
		E86403CE2F1A7E8800C1584C /* Resources */ = {
			isa = PBXGroup;
			children = (
				E86403CD2F1A7E8800C1584C /* Assets.xcassets */,
			);
			path = Resources;
			sourceTree = "<group>";
		};
		E86403D62F1A7E8800C1584C /* Services */ = {
			isa = PBXGroup;
			children = (
				E86403CF2F1A7E8800C1584C /* ErrorManager.swift */,
				E86403D02F1A7E8800C1584C /* ExportManager.swift */,
				E86403D12F1A7E8800C1584C /* FileLogger.swift */,
				E86403D22F1A7E8800C1584C /* HotkeyManager.swift */,
				E86403D32F1A7E8800C1584C /* KeychainService.swift */,
				E86403D42F1A7E8800C1584C /* PermissionManager.swift */,
				E86403D52F1A7E8800C1584C /* SettingsValidator.swift */,
			);
			path = Services;
			sourceTree = "<group>";
		};
		E86403D92F1A7E8800C1584C /* Admin */ = {
			isa = PBXGroup;
			children = (
				E86403D72F1A7E8800C1584C /* AdminDashboardView.swift */,
				E86403D82F1A7E8800C1584C /* AdminViewModel.swift */,
			);
			path = Admin;
			sourceTree = "<group>";
		};
		E86403DB2F1A7E8800C1584C /* ContextOverlay */ = {
			isa = PBXGroup;
			children = (
				E86403DA2F1A7E8800C1584C /* ContextOverlayView.swift */,
			);
			path = ContextOverlay;
			sourceTree = "<group>";
		};
		E86403DE2F1A7E8800C1584C /* Gallery */ = {
			isa = PBXGroup;
			children = (
				E86403DC2F1A7E8800C1584C /* GalleryViewModel.swift */,
				E86403DD2F1A7E8800C1584C /* ScreenshotGalleryView.swift */,
			);
			path = Gallery;
			sourceTree = "<group>";
		};
		E86403E12F1A7E8800C1584C /* MeetingMinutes */ = {
			isa = PBXGroup;
			children = (
				E86403DF2F1A7E8800C1584C /* MeetingMinutesView.swift */,
				E86403E02F1A7E8800C1584C /* MeetingMinutesViewModel.swift */,
			);
			path = MeetingMinutes;
			sourceTree = "<group>";
		};
		E86403E32F1A7E8800C1584C /* MenuBar */ = {
			isa = PBXGroup;
			children = (
				E86403E22F1A7E8800C1584C /* MenuBarView.swift */,
			);
			path = MenuBar;
			sourceTree = "<group>";
		};
		E86403E52F1A7E8800C1584C /* QuickAsk */ = {
			isa = PBXGroup;
			children = (
				E86403E42F1A7E8800C1584C /* QuickAskView.swift */,
			);
			path = QuickAsk;
			sourceTree = "<group>";
		};
		E86403E82F1A7E8800C1584C /* Search */ = {
			isa = PBXGroup;
			children = (
				E86403E62F1A7E8800C1584C /* SearchView.swift */,
				E86403E72F1A7E8800C1584C /* SearchViewModel.swift */,
			);
			path = Search;
			sourceTree = "<group>";
		};
		E86403EA2F1A7E8800C1584C /* Settings */ = {
			isa = PBXGroup;
			children = (
				E86403E92F1A7E8800C1584C /* SettingsView.swift */,
			);
			path = Settings;
			sourceTree = "<group>";
		};
		E86403EB2F1A7E8800C1584C /* Shared */ = {
			isa = PBXGroup;
			children = (
			);
			path = Shared;
			sourceTree = "<group>";
		};
		E86403ED2F1A7E8800C1584C /* Summary */ = {
			isa = PBXGroup;
			children = (
				E8405ACF2F1AB0A300BA9CFE /* NotionExportPreviewView.swift */,
				E8405AD02F1AB0A300BA9CFE /* SummaryListView.swift */,
				E86403EC2F1A7E8800C1584C /* SummaryRequestView.swift */,
			);
			path = Summary;
			sourceTree = "<group>";
		};
		E86403F22F1A7E8800C1584C /* Timeline */ = {
			isa = PBXGroup;
			children = (
				E86403EE2F1A7E8800C1584C /* TimelineSliderView.swift */,
				E86403EF2F1A7E8800C1584C /* TimelineThumbnailStrip.swift */,
				E86403F02F1A7E8800C1584C /* TimelineView.swift */,
				E86403F12F1A7E8800C1584C /* TimelineViewModel.swift */,
			);
			path = Timeline;
			sourceTree = "<group>";
		};
		E86403F32F1A7E8800C1584C /* UI */ = {
			isa = PBXGroup;
			children = (
				E86403D92F1A7E8800C1584C /* Admin */,
				E86403DB2F1A7E8800C1584C /* ContextOverlay */,
				E86403DE2F1A7E8800C1584C /* Gallery */,
				E86403E12F1A7E8800C1584C /* MeetingMinutes */,
				E86403E32F1A7E8800C1584C /* MenuBar */,
				E86403E52F1A7E8800C1584C /* QuickAsk */,
				E86403E82F1A7E8800C1584C /* Search */,
				E86403EA2F1A7E8800C1584C /* Settings */,
				E86403EB2F1A7E8800C1584C /* Shared */,
				E86403ED2F1A7E8800C1584C /* Summary */,
				E86403F22F1A7E8800C1584C /* Timeline */,
			);
			path = UI;
			sourceTree = "<group>";
		};
		E86403F62F1A7E8800C1584C /* Utilities */ = {
			isa = PBXGroup;
			children = (
				E86403F42F1A7E8800C1584C /* DateUtils.swift */,
				E86403F52F1A7E8800C1584C /* Logger.swift */,
			);
			path = Utilities;
			sourceTree = "<group>";
		};
		E86403F92F1A7E8800C1584C /* Scrainee */ = {
			isa = PBXGroup;
			children = (
				E86403A62F1A7E8800C1584C /* App */,
				E86403CC2F1A7E8800C1584C /* Core */,
				E86403CE2F1A7E8800C1584C /* Resources */,
				E86403D62F1A7E8800C1584C /* Services */,
				E86403F32F1A7E8800C1584C /* UI */,
				E86403F62F1A7E8800C1584C /* Utilities */,
				E86403F72F1A7E8800C1584C /* Info.plist */,
				E86403F82F1A7E8800C1584C /* Scrainee.entitlements */,
			);
			path = Scrainee;
			sourceTree = "<group>";
		};
		EEAC38F0EAD11979DCC9F62E /* ScraineeTests */ = {
			isa = PBXGroup;
			children = (
				0C5C32C0960F8F6A458514CB /* E2E */,
				D9FDA46BE0FC58351EE07BC3 /* Helpers */,
				800A04D7906FAF4B58A4E8F9 /* Integration */,
				BA72726E7F45805B1182BDF7 /* Mocks */,
				9CA35BE5260CE417768862C3 /* Unit */,
			);
			name = ScraineeTests;
			path = Tests/ScraineeTests;
			sourceTree = "<group>";
		};
/* End PBXGroup section */

/* Begin PBXNativeTarget section */
		031701BCB3EE4D7B05B47181 /* Scrainee */ = {
			isa = PBXNativeTarget;
			buildConfigurationList = 2F76E99D1B56C0437D64AF7A /* Build configuration list for PBXNativeTarget "Scrainee" */;
			buildPhases = (
				5E0D1A3669454D43173E8F11 /* Sources */,
				DA25F17F53028F1D1707D8F3 /* Frameworks */,
			);
			buildRules = (
			);
			dependencies = (
			);
			name = Scrainee;
			packageProductDependencies = (
				3E44E6C619DD5A76BBC43FA2 /* GRDB */,
				C0DD075569E06E7D1AC0DF9F /* KeychainAccess */,
				E84DDD862F19AB3400D22D09 /* WhisperKit */,
				E84DDD882F19AB3400D22D09 /* whisperkit-cli */,
			);
			productName = Scrainee;
			productReference = 045A0DC19771D31831A1D78E /* Scrainee.app */;
			productType = "com.apple.product-type.application";
		};
		132B0D44C3FFBBD2F7C774B3 /* ScraineeTests */ = {
			isa = PBXNativeTarget;
			buildConfigurationList = 3003434D6FE05A74FE9F351A /* Build configuration list for PBXNativeTarget "ScraineeTests" */;
			buildPhases = (
				ED3B24D51FCFA23C5AC1B0BB /* Sources */,
				62BCFA7B4D8DDB279030990F /* Frameworks */,
			);
			buildRules = (
			);
			dependencies = (
				F17E4308A1C649259E3C3AD7 /* PBXTargetDependency */,
			);
			name = ScraineeTests;
			packageProductDependencies = (
				59D38955B8167D60F3D8CB7B /* GRDB */,
			);
			productName = ScraineeTests;
			productReference = FD528546EE00AA578ABAC092 /* ScraineeTests.xctest */;
			productType = "com.apple.product-type.bundle.unit-test";
		};
/* End PBXNativeTarget section */

/* Begin PBXProject section */
		973123FF9704AA71CC0E54B9 /* Project object */ = {
			isa = PBXProject;
			attributes = {
				BuildIndependentTargetsInParallel = YES;
				LastUpgradeCheck = 2600;
				TargetAttributes = {
					031701BCB3EE4D7B05B47181 = {
						ProvisioningStyle = Automatic;
					};
					132B0D44C3FFBBD2F7C774B3 = {
						ProvisioningStyle = Automatic;
					};
				};
			};
			buildConfigurationList = A6EE5E308C9B26C19AB2AF6B /* Build configuration list for PBXProject "Scrainee" */;
			compatibilityVersion = "Xcode 14.0";
			developmentRegion = en;
			hasScannedForEncodings = 0;
			knownRegions = (
				Base,
				en,
			);
			mainGroup = 55B1508F8F956AB4483E9B1E;
			minimizedProjectReferenceProxies = 1;
			packageReferences = (
				58678C011FBB6E9224B07795 /* XCRemoteSwiftPackageReference "GRDB.swift" */,
				528C5F2BFF807C5321955129 /* XCRemoteSwiftPackageReference "KeychainAccess" */,
				E84DDD852F19AB3400D22D09 /* XCRemoteSwiftPackageReference "WhisperKit" */,
			);
			projectDirPath = "";
			projectRoot = "";
			targets = (
				031701BCB3EE4D7B05B47181 /* Scrainee */,
				132B0D44C3FFBBD2F7C774B3 /* ScraineeTests */,
			);
		};
/* End PBXProject section */

/* Begin PBXSourcesBuildPhase section */
		5E0D1A3669454D43173E8F11 /* Sources */ = {
			isa = PBXSourcesBuildPhase;
			buildActionMask = 2147483647;
			files = (
				E86403FA2F1A7E8800C1584C /* ExportManager.swift in Sources */,
				E86403FB2F1A7E8800C1584C /* ScraineeApp.swift in Sources */,
				E86403FC2F1A7E8800C1584C /* ClaudeAPIClient.swift in Sources */,
				E86403FD2F1A7E8800C1584C /* ScreenshotGalleryView.swift in Sources */,
				E86403FE2F1A7E8800C1584C /* MeetingMinutesView.swift in Sources */,
				E86403FF2F1A7E8800C1584C /* MeetingMinutes.swift in Sources */,
				E86404002F1A7E8800C1584C /* ActivitySegment.swift in Sources */,
				E86404012F1A7E8800C1584C /* WhisperTranscriptionService.swift in Sources */,
				E86404022F1A7E8800C1584C /* TimelineView.swift in Sources */,
				E86404032F1A7E8800C1584C /* HotkeyManager.swift in Sources */,
				E86404042F1A7E8800C1584C /* AdminDashboardView.swift in Sources */,
				E86404052F1A7E8800C1584C /* StorageManager.swift in Sources */,
				E86404062F1A7E8800C1584C /* SettingsView.swift in Sources */,
				E86404072F1A7E8800C1584C /* TimelineSliderView.swift in Sources */,
				E86404082F1A7E8800C1584C /* MeetingDetector.swift in Sources */,
				E86404092F1A7E8800C1584C /* SearchView.swift in Sources */,
				E864040A2F1A7E8800C1584C /* SettingsValidator.swift in Sources */,
				E864040B2F1A7E8800C1584C /* TimelineThumbnailStrip.swift in Sources */,
				E864040C2F1A7E8800C1584C /* Meeting.swift in Sources */,
				E864040D2F1A7E8800C1584C /* MenuBarView.swift in Sources */,
				E864040E2F1A7E8800C1584C /* Summary.swift in Sources */,
				E864040F2F1A7E8800C1584C /* MeetingMinutesGenerator.swift in Sources */,
				E86404102F1A7E8800C1584C /* DateUtils.swift in Sources */,
				E86404112F1A7E8800C1584C /* ScreenshotDiffer.swift in Sources */,
				E86404122F1A7E8800C1584C /* AdminViewModel.swift in Sources */,
				E86404132F1A7E8800C1584C /* RetentionPolicy.swift in Sources */,
				E86404142F1A7E8800C1584C /* ImageCompressor.swift in Sources */,
				E86404152F1A7E8800C1584C /* OCRManager.swift in Sources */,
				E86404162F1A7E8800C1584C /* SearchViewModel.swift in Sources */,
				E86404172F1A7E8800C1584C /* ScreenCaptureManager.swift in Sources */,
				E86404182F1A7E8800C1584C /* TimelineViewModel.swift in Sources */,
				E86404192F1A7E8800C1584C /* AppState.swift in Sources */,
				E864041A2F1A7E8800C1584C /* FileLogger.swift in Sources */,
				E864041B2F1A7E8800C1584C /* SummaryRequestView.swift in Sources */,
				E864041C2F1A7E8800C1584C /* SummaryGenerator.swift in Sources */,
				E864041D2F1A7E8800C1584C /* DatabaseManager.swift in Sources */,
				E864041E2F1A7E8800C1584C /* KeychainService.swift in Sources */,
				E864041F2F1A7E8800C1584C /* SearchResult.swift in Sources */,
				E86404202F1A7E8800C1584C /* AudioCaptureManager.swift in Sources */,
				E86404212F1A7E8800C1584C /* MeetingMinutesViewModel.swift in Sources */,
				E86404222F1A7E8800C1584C /* NotionClient.swift in Sources */,
				E86404232F1A7E8800C1584C /* ThumbnailCache.swift in Sources */,
				E86404242F1A7E8800C1584C /* DisplayManager.swift in Sources */,
				E8405AD12F1AB0A300BA9CFE /* NotionExportPreviewView.swift in Sources */,
				E8405AD22F1AB0A300BA9CFE /* SummaryListView.swift in Sources */,
				E86404252F1A7E8800C1584C /* ActionItem.swift in Sources */,
				E86404262F1A7E8800C1584C /* ErrorManager.swift in Sources */,
				E86404272F1A7E8800C1584C /* ContextOverlayView.swift in Sources */,
				E86404282F1A7E8800C1584C /* PermissionManager.swift in Sources */,
				E86404292F1A7E8800C1584C /* Logger.swift in Sources */,
				E864042A2F1A7E8800C1584C /* AdaptiveCaptureManager.swift in Sources */,
				E864042B2F1A7E8800C1584C /* MeetingTranscriptionCoordinator.swift in Sources */,
				E864042C2F1A7E8800C1584C /* QuickAskView.swift in Sources */,
				E864042D2F1A7E8800C1584C /* OCRResult.swift in Sources */,
				E864042E2F1A7E8800C1584C /* TranscriptSegment.swift in Sources */,
				E864042F2F1A7E8800C1584C /* GalleryViewModel.swift in Sources */,
				E86404302F1A7E8800C1584C /* Screenshot.swift in Sources */,
			);
			runOnlyForDeploymentPostprocessing = 0;
		};
		ED3B24D51FCFA23C5AC1B0BB /* Sources */ = {
			isa = PBXSourcesBuildPhase;
			buildActionMask = 2147483647;
			files = (
				DD9AAEE792339C59B4BD4B3B /* CaptureToStorageTests.swift in Sources */,
				B0A24F53C7724CEBC5DFEEF1 /* DatabaseE2ETests.swift in Sources */,
				DB10401C6E505C5304129286 /* DisplayManagerTests.swift in Sources */,
				A018E78409481A92CB42E2C6 /* FullPipelineE2ETests.swift in Sources */,
				CFA213BB610DC50DE2A17E05 /* HashTrackerTests.swift in Sources */,
				83A6B2F239EC69A55BC47F56 /* ImageGenerator.swift in Sources */,
				B64FC9AF461A965149AD8670 /* MockDisplayManager.swift in Sources */,
				A0A82B0B36C96A685B87342D /* MockScreenCaptureDelegate.swift in Sources */,
				8A3E1049932F46555409BE72 /* OCRE2ETests.swift in Sources */,
				6ED6A94226CE9D5C6E31A168 /* StorageE2ETests.swift in Sources */,
				208754F0059C022DF66CC27E /* TestDatabaseManager.swift in Sources */,
				72A32429BE5ECD99098732BC /* TestStorageManager.swift in Sources */,
				B73F9CE9A951B39DB7811021 /* ThumbnailCacheE2ETests.swift in Sources */,
			);
			runOnlyForDeploymentPostprocessing = 0;
		};
/* End PBXSourcesBuildPhase section */

/* Begin PBXTargetDependency section */
		F17E4308A1C649259E3C3AD7 /* PBXTargetDependency */ = {
			isa = PBXTargetDependency;
			target = 031701BCB3EE4D7B05B47181 /* Scrainee */;
			targetProxy = 0BD721703C2B85A346BDEE17 /* PBXContainerItemProxy */;
		};
/* End PBXTargetDependency section */

/* Begin XCBuildConfiguration section */
		2E67E88FFAAD0A5589048450 /* Release */ = {
			isa = XCBuildConfiguration;
			buildSettings = {
				ALWAYS_SEARCH_USER_PATHS = NO;
				CLANG_ANALYZER_NONNULL = YES;
				CLANG_ANALYZER_NUMBER_OBJECT_CONVERSION = YES_AGGRESSIVE;
				CLANG_CXX_LANGUAGE_STANDARD = "gnu++14";
				CLANG_CXX_LIBRARY = "libc++";
				CLANG_ENABLE_MODULES = YES;
				CLANG_ENABLE_OBJC_ARC = YES;
				CLANG_ENABLE_OBJC_WEAK = YES;
				CLANG_WARN_BLOCK_CAPTURE_AUTORELEASING = YES;
				CLANG_WARN_BOOL_CONVERSION = YES;
				CLANG_WARN_COMMA = YES;
				CLANG_WARN_CONSTANT_CONVERSION = YES;
				CLANG_WARN_DEPRECATED_OBJC_IMPLEMENTATIONS = YES;
				CLANG_WARN_DIRECT_OBJC_ISA_USAGE = YES_ERROR;
				CLANG_WARN_DOCUMENTATION_COMMENTS = YES;
				CLANG_WARN_EMPTY_BODY = YES;
				CLANG_WARN_ENUM_CONVERSION = YES;
				CLANG_WARN_INFINITE_RECURSION = YES;
				CLANG_WARN_INT_CONVERSION = YES;
				CLANG_WARN_NON_LITERAL_NULL_CONVERSION = YES;
				CLANG_WARN_OBJC_IMPLICIT_RETAIN_SELF = YES;
				CLANG_WARN_OBJC_LITERAL_CONVERSION = YES;
				CLANG_WARN_OBJC_ROOT_CLASS = YES_ERROR;
				CLANG_WARN_QUOTED_INCLUDE_IN_FRAMEWORK_HEADER = YES;
				CLANG_WARN_RANGE_LOOP_ANALYSIS = YES;
				CLANG_WARN_STRICT_PROTOTYPES = YES;
				CLANG_WARN_SUSPICIOUS_MOVE = YES;
				CLANG_WARN_UNGUARDED_AVAILABILITY = YES_AGGRESSIVE;
				CLANG_WARN_UNREACHABLE_CODE = YES;
				CLANG_WARN__DUPLICATE_METHOD_MATCH = YES;
				CODE_SIGN_STYLE = Automatic;
				COPY_PHASE_STRIP = NO;
				DEAD_CODE_STRIPPING = YES;
				DEBUG_INFORMATION_FORMAT = "dwarf-with-dsym";
				ENABLE_HARDENED_RUNTIME = YES;
				ENABLE_NS_ASSERTIONS = NO;
				ENABLE_STRICT_OBJC_MSGSEND = YES;
				ENABLE_USER_SCRIPT_SANDBOXING = YES;
				GCC_C_LANGUAGE_STANDARD = gnu11;
				GCC_NO_COMMON_BLOCKS = YES;
				GCC_WARN_64_TO_32_BIT_CONVERSION = YES;
				GCC_WARN_ABOUT_RETURN_TYPE = YES_ERROR;
				GCC_WARN_UNDECLARED_SELECTOR = YES;
				GCC_WARN_UNINITIALIZED_AUTOS = YES_AGGRESSIVE;
				GCC_WARN_UNUSED_FUNCTION = YES;
				GCC_WARN_UNUSED_VARIABLE = YES;
				MACOSX_DEPLOYMENT_TARGET = 14.0;
				MTL_ENABLE_DEBUG_INFO = NO;
				MTL_FAST_MATH = YES;
				PRODUCT_NAME = "$(TARGET_NAME)";
				SDKROOT = macosx;
				STRING_CATALOG_GENERATE_SYMBOLS = YES;
				SWIFT_COMPILATION_MODE = wholemodule;
				SWIFT_OPTIMIZATION_LEVEL = "-O";
				SWIFT_VERSION = 5.9;
			};
			name = Release;
		};
		4E466176E779D30EDCFC4AB6 /* Debug */ = {
			isa = XCBuildConfiguration;
			buildSettings = {
				ASSETCATALOG_COMPILER_APPICON_NAME = AppIcon;
				AUTOMATION_APPLE_EVENTS = YES;
				CODE_SIGN_ENTITLEMENTS = Scrainee/Scrainee.entitlements;
				COMBINE_HIDPI_IMAGES = YES;
				CURRENT_PROJECT_VERSION = 1;
				DEAD_CODE_STRIPPING = YES;
				DEVELOPMENT_TEAM = F6BVP3QARP;
				ENABLE_APP_SANDBOX = YES;
				ENABLE_HARDENED_RUNTIME = YES;
				INFOPLIST_FILE = Scrainee/Info.plist;
				INFOPLIST_KEY_LSUIElement = YES;
				LD_RUNPATH_SEARCH_PATHS = (
					"$(inherited)",
					"@executable_path/../Frameworks",
				);
				MARKETING_VERSION = 1.0;
				PRODUCT_BUNDLE_IDENTIFIER = com.cpohl.scrainee;
				SDKROOT = macosx;
			};
			name = Debug;
		};
		6A8D244E2936416F4BC45406 /* Debug */ = {
			isa = XCBuildConfiguration;
			buildSettings = {
				BUNDLE_LOADER = "$(TEST_HOST)";
				COMBINE_HIDPI_IMAGES = YES;
				DEAD_CODE_STRIPPING = YES;
				LD_RUNPATH_SEARCH_PATHS = (
					"$(inherited)",
					"@executable_path/../Frameworks",
					"@loader_path/../Frameworks",
				);
				PRODUCT_BUNDLE_IDENTIFIER = com.cpohl.scrainee.tests;
				SDKROOT = macosx;
				TEST_HOST = "$(BUILT_PRODUCTS_DIR)/Scrainee.app/Contents/MacOS/Scrainee";
			};
			name = Debug;
		};
		7C787BBF43DF0E1FDB143A35 /* Release */ = {
			isa = XCBuildConfiguration;
			buildSettings = {
				ASSETCATALOG_COMPILER_APPICON_NAME = AppIcon;
				AUTOMATION_APPLE_EVENTS = YES;
				CODE_SIGN_ENTITLEMENTS = Scrainee/Scrainee.entitlements;
				COMBINE_HIDPI_IMAGES = YES;
				CURRENT_PROJECT_VERSION = 1;
				DEAD_CODE_STRIPPING = YES;
				DEVELOPMENT_TEAM = F6BVP3QARP;
				ENABLE_APP_SANDBOX = YES;
				ENABLE_HARDENED_RUNTIME = YES;
				INFOPLIST_FILE = Scrainee/Info.plist;
				INFOPLIST_KEY_LSUIElement = YES;
				LD_RUNPATH_SEARCH_PATHS = (
					"$(inherited)",
					"@executable_path/../Frameworks",
				);
				MARKETING_VERSION = 1.0;
				PRODUCT_BUNDLE_IDENTIFIER = com.cpohl.scrainee;
				SDKROOT = macosx;
			};
			name = Release;
		};
		AF8DECE94F9D3290BF8BE1E2 /* Debug */ = {
			isa = XCBuildConfiguration;
			buildSettings = {
				ALWAYS_SEARCH_USER_PATHS = NO;
				CLANG_ANALYZER_NONNULL = YES;
				CLANG_ANALYZER_NUMBER_OBJECT_CONVERSION = YES_AGGRESSIVE;
				CLANG_CXX_LANGUAGE_STANDARD = "gnu++14";
				CLANG_CXX_LIBRARY = "libc++";
				CLANG_ENABLE_MODULES = YES;
				CLANG_ENABLE_OBJC_ARC = YES;
				CLANG_ENABLE_OBJC_WEAK = YES;
				CLANG_WARN_BLOCK_CAPTURE_AUTORELEASING = YES;
				CLANG_WARN_BOOL_CONVERSION = YES;
				CLANG_WARN_COMMA = YES;
				CLANG_WARN_CONSTANT_CONVERSION = YES;
				CLANG_WARN_DEPRECATED_OBJC_IMPLEMENTATIONS = YES;
				CLANG_WARN_DIRECT_OBJC_ISA_USAGE = YES_ERROR;
				CLANG_WARN_DOCUMENTATION_COMMENTS = YES;
				CLANG_WARN_EMPTY_BODY = YES;
				CLANG_WARN_ENUM_CONVERSION = YES;
				CLANG_WARN_INFINITE_RECURSION = YES;
				CLANG_WARN_INT_CONVERSION = YES;
				CLANG_WARN_NON_LITERAL_NULL_CONVERSION = YES;
				CLANG_WARN_OBJC_IMPLICIT_RETAIN_SELF = YES;
				CLANG_WARN_OBJC_LITERAL_CONVERSION = YES;
				CLANG_WARN_OBJC_ROOT_CLASS = YES_ERROR;
				CLANG_WARN_QUOTED_INCLUDE_IN_FRAMEWORK_HEADER = YES;
				CLANG_WARN_RANGE_LOOP_ANALYSIS = YES;
				CLANG_WARN_STRICT_PROTOTYPES = YES;
				CLANG_WARN_SUSPICIOUS_MOVE = YES;
				CLANG_WARN_UNGUARDED_AVAILABILITY = YES_AGGRESSIVE;
				CLANG_WARN_UNREACHABLE_CODE = YES;
				CLANG_WARN__DUPLICATE_METHOD_MATCH = YES;
				CODE_SIGN_STYLE = Automatic;
				COPY_PHASE_STRIP = NO;
				DEAD_CODE_STRIPPING = YES;
				DEBUG_INFORMATION_FORMAT = dwarf;
				ENABLE_HARDENED_RUNTIME = YES;
				ENABLE_STRICT_OBJC_MSGSEND = YES;
				ENABLE_TESTABILITY = YES;
				ENABLE_USER_SCRIPT_SANDBOXING = YES;
				GCC_C_LANGUAGE_STANDARD = gnu11;
				GCC_DYNAMIC_NO_PIC = NO;
				GCC_NO_COMMON_BLOCKS = YES;
				GCC_OPTIMIZATION_LEVEL = 0;
				GCC_PREPROCESSOR_DEFINITIONS = (
					"$(inherited)",
					"DEBUG=1",
				);
				GCC_WARN_64_TO_32_BIT_CONVERSION = YES;
				GCC_WARN_ABOUT_RETURN_TYPE = YES_ERROR;
				GCC_WARN_UNDECLARED_SELECTOR = YES;
				GCC_WARN_UNINITIALIZED_AUTOS = YES_AGGRESSIVE;
				GCC_WARN_UNUSED_FUNCTION = YES;
				GCC_WARN_UNUSED_VARIABLE = YES;
				MACOSX_DEPLOYMENT_TARGET = 14.0;
				MTL_ENABLE_DEBUG_INFO = INCLUDE_SOURCE;
				MTL_FAST_MATH = YES;
				ONLY_ACTIVE_ARCH = YES;
				PRODUCT_NAME = "$(TARGET_NAME)";
				SDKROOT = macosx;
				STRING_CATALOG_GENERATE_SYMBOLS = YES;
				SWIFT_ACTIVE_COMPILATION_CONDITIONS = DEBUG;
				SWIFT_OPTIMIZATION_LEVEL = "-Onone";
				SWIFT_VERSION = 5.9;
			};
			name = Debug;
		};
		C768293785BCF8142B07A7D3 /* Release */ = {
			isa = XCBuildConfiguration;
			buildSettings = {
				BUNDLE_LOADER = "$(TEST_HOST)";
				COMBINE_HIDPI_IMAGES = YES;
				DEAD_CODE_STRIPPING = YES;
				LD_RUNPATH_SEARCH_PATHS = (
					"$(inherited)",
					"@executable_path/../Frameworks",
					"@loader_path/../Frameworks",
				);
				PRODUCT_BUNDLE_IDENTIFIER = com.cpohl.scrainee.tests;
				SDKROOT = macosx;
				TEST_HOST = "$(BUILT_PRODUCTS_DIR)/Scrainee.app/Contents/MacOS/Scrainee";
			};
			name = Release;
		};
/* End XCBuildConfiguration section */

/* Begin XCConfigurationList section */
		2F76E99D1B56C0437D64AF7A /* Build configuration list for PBXNativeTarget "Scrainee" */ = {
			isa = XCConfigurationList;
			buildConfigurations = (
				4E466176E779D30EDCFC4AB6 /* Debug */,
				7C787BBF43DF0E1FDB143A35 /* Release */,
			);
			defaultConfigurationIsVisible = 0;
			defaultConfigurationName = Debug;
		};
		3003434D6FE05A74FE9F351A /* Build configuration list for PBXNativeTarget "ScraineeTests" */ = {
			isa = XCConfigurationList;
			buildConfigurations = (
				6A8D244E2936416F4BC45406 /* Debug */,
				C768293785BCF8142B07A7D3 /* Release */,
			);
			defaultConfigurationIsVisible = 0;
			defaultConfigurationName = Debug;
		};
		A6EE5E308C9B26C19AB2AF6B /* Build configuration list for PBXProject "Scrainee" */ = {
			isa = XCConfigurationList;
			buildConfigurations = (
				AF8DECE94F9D3290BF8BE1E2 /* Debug */,
				2E67E88FFAAD0A5589048450 /* Release */,
			);
			defaultConfigurationIsVisible = 0;
			defaultConfigurationName = Debug;
		};
/* End XCConfigurationList section */

/* Begin XCRemoteSwiftPackageReference section */
		528C5F2BFF807C5321955129 /* XCRemoteSwiftPackageReference "KeychainAccess" */ = {
			isa = XCRemoteSwiftPackageReference;
			repositoryURL = "https://github.com/kishikawakatsumi/KeychainAccess.git";
			requirement = {
				kind = upToNextMajorVersion;
				minimumVersion = 4.2.2;
			};
		};
		58678C011FBB6E9224B07795 /* XCRemoteSwiftPackageReference "GRDB.swift" */ = {
			isa = XCRemoteSwiftPackageReference;
			repositoryURL = "https://github.com/groue/GRDB.swift.git";
			requirement = {
				kind = upToNextMajorVersion;
				minimumVersion = 6.24.0;
			};
		};
		E84DDD852F19AB3400D22D09 /* XCRemoteSwiftPackageReference "WhisperKit" */ = {
			isa = XCRemoteSwiftPackageReference;
			repositoryURL = "https://github.com/argmaxinc/WhisperKit.git";
			requirement = {
				branch = main;
				kind = branch;
			};
		};
/* End XCRemoteSwiftPackageReference section */

/* Begin XCSwiftPackageProductDependency section */
		3E44E6C619DD5A76BBC43FA2 /* GRDB */ = {
			isa = XCSwiftPackageProductDependency;
			package = 58678C011FBB6E9224B07795 /* XCRemoteSwiftPackageReference "GRDB.swift" */;
			productName = GRDB;
		};
		59D38955B8167D60F3D8CB7B /* GRDB */ = {
			isa = XCSwiftPackageProductDependency;
			package = 58678C011FBB6E9224B07795 /* XCRemoteSwiftPackageReference "GRDB.swift" */;
			productName = GRDB;
		};
		C0DD075569E06E7D1AC0DF9F /* KeychainAccess */ = {
			isa = XCSwiftPackageProductDependency;
			package = 528C5F2BFF807C5321955129 /* XCRemoteSwiftPackageReference "KeychainAccess" */;
			productName = KeychainAccess;
		};
		E84DDD862F19AB3400D22D09 /* WhisperKit */ = {
			isa = XCSwiftPackageProductDependency;
			package = E84DDD852F19AB3400D22D09 /* XCRemoteSwiftPackageReference "WhisperKit" */;
			productName = WhisperKit;
		};
		E84DDD882F19AB3400D22D09 /* whisperkit-cli */ = {
			isa = XCSwiftPackageProductDependency;
			package = E84DDD852F19AB3400D22D09 /* XCRemoteSwiftPackageReference "WhisperKit" */;
			productName = "whisperkit-cli";
		};
/* End XCSwiftPackageProductDependency section */
	};
	rootObject = 973123FF9704AA71CC0E54B9 /* Project object */;
}
